%{
  "elixir_make": {:hex, :elixir_make, "0.6.0", "38349f3e29aff4864352084fc736fa7fa0f2995a819a737554f7ebd28b85aaab", [:mix], [], "hexpm"},
  "ex_ncurses": {:hex, :ex_ncurses, "0.3.1", "1c6c480815c3863fe45cecf54e86dcaa6fa4484847d05c77a090e1ecb384536b", [:make, :mix], [{:elixir_make, "~> 0.4", [hex: :elixir_make, repo: "hexpm", optional: false]}], "hexpm"},
  "libgraph": {:hex, :libgraph, "0.13.3", "20732b7bafb933dcf7351c479e03076ebd14a85fd3202c67a1c197f4f7c2466b", [:mix], [], "hexpm"},
  "math": {:hex, :math, "0.3.0", "e14e7291115201cb155a3567e66d196bf5088a6f55b030d598107d7ae934a11c", [:mix], [], "hexpm"},
}
